// !$*UTF8*$!
{
	archiveVersion = 1;
	classes = {
	};
	objectVersion = 50;
	objects = {

/* Begin PBXBuildFile section */
		D80A889620B638B500A860B0 /* ResourcePath.mm in Sources */ = {isa = PBXBuildFile; fileRef = D80A889520B638B500A860B0 /* ResourcePath.mm */; };
		D80A889920B638B600A860B0 /* main.cpp in Sources */ = {isa = PBXBuildFile; fileRef = D80A889820B638B600A860B0 /* main.cpp */; };
		D80A889C20B638B600A860B0 /* cute_image.jpg in Resources */ = {isa = PBXBuildFile; fileRef = D80A889B20B638B600A860B0 /* cute_image.jpg */; };
		D80A889E20B638B600A860B0 /* nice_music.ogg in Resources */ = {isa = PBXBuildFile; fileRef = D80A889D20B638B600A860B0 /* nice_music.ogg */; };
		D80A88A020B638B700A860B0 /* sansation.ttf in Resources */ = {isa = PBXBuildFile; fileRef = D80A889F20B638B700A860B0 /* sansation.ttf */; };
		D80A88A220B638B700A860B0 /* icon.png in Resources */ = {isa = PBXBuildFile; fileRef = D80A88A120B638B700A860B0 /* icon.png */; };
		D80A88AD20B8382300A860B0 /* game.cpp in Sources */ = {isa = PBXBuildFile; fileRef = D80A88AB20B8382300A860B0 /* game.cpp */; };
		D80A88B020B83CF700A860B0 /* SplashScreen.cpp in Sources */ = {isa = PBXBuildFile; fileRef = D80A88AE20B83CF700A860B0 /* SplashScreen.cpp */; };
		D80A88B320B8400300A860B0 /* MainMenu.cpp in Sources */ = {isa = PBXBuildFile; fileRef = D80A88B120B8400300A860B0 /* MainMenu.cpp */; };
/* End PBXBuildFile section */

/* Begin PBXFileReference section */
		D80A889020B638B500A860B0 /* CA.app */ = {isa = PBXFileReference; explicitFileType = wrapper.application; includeInIndex = 0; path = CA.app; sourceTree = BUILT_PRODUCTS_DIR; };
		D80A889420B638B500A860B0 /* CA-Info.plist */ = {isa = PBXFileReference; lastKnownFileType = text.plist.xml; path = "CA-Info.plist"; sourceTree = "<group>"; };
		D80A889520B638B500A860B0 /* ResourcePath.mm */ = {isa = PBXFileReference; lastKnownFileType = sourcecode.cpp.objcpp; path = ResourcePath.mm; sourceTree = "<group>"; };
		D80A889720B638B500A860B0 /* ResourcePath.hpp */ = {isa = PBXFileReference; lastKnownFileType = sourcecode.cpp.h; path = ResourcePath.hpp; sourceTree = "<group>"; };
		D80A889820B638B600A860B0 /* main.cpp */ = {isa = PBXFileReference; lastKnownFileType = sourcecode.cpp.cpp; path = main.cpp; sourceTree = "<group>"; };
		D80A889B20B638B600A860B0 /* cute_image.jpg */ = {isa = PBXFileReference; lastKnownFileType = image.jpeg; path = cute_image.jpg; sourceTree = "<group>"; };
		D80A889D20B638B600A860B0 /* nice_music.ogg */ = {isa = PBXFileReference; lastKnownFileType = file; path = nice_music.ogg; sourceTree = "<group>"; };
		D80A889F20B638B700A860B0 /* sansation.ttf */ = {isa = PBXFileReference; lastKnownFileType = file; path = sansation.ttf; sourceTree = "<group>"; };
		D80A88A120B638B700A860B0 /* icon.png */ = {isa = PBXFileReference; lastKnownFileType = image.png; path = icon.png; sourceTree = "<group>"; };
		D80A88AB20B8382300A860B0 /* game.cpp */ = {isa = PBXFileReference; lastKnownFileType = sourcecode.cpp.cpp; path = game.cpp; sourceTree = "<group>"; };
		D80A88AC20B8382300A860B0 /* game.hpp */ = {isa = PBXFileReference; lastKnownFileType = sourcecode.cpp.h; path = game.hpp; sourceTree = "<group>"; };
		D80A88AE20B83CF700A860B0 /* SplashScreen.cpp */ = {isa = PBXFileReference; lastKnownFileType = sourcecode.cpp.cpp; path = SplashScreen.cpp; sourceTree = "<group>"; };
		D80A88AF20B83CF700A860B0 /* SplashScreen.hpp */ = {isa = PBXFileReference; lastKnownFileType = sourcecode.cpp.h; path = SplashScreen.hpp; sourceTree = "<group>"; };
		D80A88B120B8400300A860B0 /* MainMenu.cpp */ = {isa = PBXFileReference; lastKnownFileType = sourcecode.cpp.cpp; path = MainMenu.cpp; sourceTree = "<group>"; };
		D80A88B220B8400300A860B0 /* MainMenu.hpp */ = {isa = PBXFileReference; lastKnownFileType = sourcecode.cpp.h; path = MainMenu.hpp; sourceTree = "<group>"; };
/* End PBXFileReference section */

/* Begin PBXFrameworksBuildPhase section */
		D80A888C20B638B500A860B0 /* Frameworks */ = {
			isa = PBXFrameworksBuildPhase;
			buildActionMask = 2147483647;
			files = (
			);
			runOnlyForDeploymentPostprocessing = 0;
		};
/* End PBXFrameworksBuildPhase section */

/* Begin PBXGroup section */
		D80A888620B638B500A860B0 = {
			isa = PBXGroup;
			children = (
				D80A889220B638B500A860B0 /* CA */,
				D80A889120B638B500A860B0 /* Products */,
			);
			sourceTree = "<group>";
		};
		D80A889120B638B500A860B0 /* Products */ = {
			isa = PBXGroup;
			children = (
				D80A889020B638B500A860B0 /* CA.app */,
			);
			name = Products;
			sourceTree = "<group>";
		};
		D80A889220B638B500A860B0 /* CA */ = {
			isa = PBXGroup;
			children = (
				D80A889520B638B500A860B0 /* ResourcePath.mm */,
				D80A889720B638B500A860B0 /* ResourcePath.hpp */,
				D80A889820B638B600A860B0 /* main.cpp */,
				D80A889A20B638B600A860B0 /* Resources */,
				D80A889320B638B500A860B0 /* Supporting Files */,
				D80A88AB20B8382300A860B0 /* game.cpp */,
				D80A88AC20B8382300A860B0 /* game.hpp */,
				D80A88AE20B83CF700A860B0 /* SplashScreen.cpp */,
				D80A88AF20B83CF700A860B0 /* SplashScreen.hpp */,
			);
			path = CA;
			sourceTree = "<group>";
		};
		D80A889320B638B500A860B0 /* Supporting Files */ = {
			isa = PBXGroup;
			children = (
				D80A889420B638B500A860B0 /* CA-Info.plist */,
				D80A88B120B8400300A860B0 /* MainMenu.cpp */,
				D80A88B220B8400300A860B0 /* MainMenu.hpp */,
			);
			name = "Supporting Files";
			sourceTree = "<group>";
		};
		D80A889A20B638B600A860B0 /* Resources */ = {
			isa = PBXGroup;
			children = (
				D80A889B20B638B600A860B0 /* cute_image.jpg */,
				D80A889D20B638B600A860B0 /* nice_music.ogg */,
				D80A889F20B638B700A860B0 /* sansation.ttf */,
				D80A88A120B638B700A860B0 /* icon.png */,
			);
			name = Resources;
			sourceTree = "<group>";
		};
/* End PBXGroup section */

/* Begin PBXNativeTarget section */
		D80A888F20B638B500A860B0 /* CA */ = {
			isa = PBXNativeTarget;
			buildConfigurationList = D80A88A520B638B700A860B0 /* Build configuration list for PBXNativeTarget "CA" */;
			buildPhases = (
				D80A888B20B638B500A860B0 /* Sources */,
				D80A888C20B638B500A860B0 /* Frameworks */,
				D80A888D20B638B500A860B0 /* Resources */,
				D80A888E20B638B500A860B0 /* ShellScript */,
			);
			buildRules = (
			);
			dependencies = (
			);
			name = CA;
			productName = CA;
			productReference = D80A889020B638B500A860B0 /* CA.app */;
			productType = "com.apple.product-type.application";
		};
/* End PBXNativeTarget section */

/* Begin PBXProject section */
		D80A888720B638B500A860B0 /* Project object */ = {
			isa = PBXProject;
			attributes = {
				LastUpgradeCheck = 0930;
				ORGANIZATIONNAME = "Nathan Barnett";
				TargetAttributes = {
					D80A888F20B638B500A860B0 = {
						CreatedOnToolsVersion = 9.3;
					};
				};
			};
			buildConfigurationList = D80A888A20B638B500A860B0 /* Build configuration list for PBXProject "CA" */;
			compatibilityVersion = "Xcode 9.3";
			developmentRegion = en;
			hasScannedForEncodings = 0;
			knownRegions = (
				en,
			);
			mainGroup = D80A888620B638B500A860B0;
			productRefGroup = D80A889120B638B500A860B0 /* Products */;
			projectDirPath = "";
			projectRoot = "";
			targets = (
				D80A888F20B638B500A860B0 /* CA */,
			);
		};
/* End PBXProject section */

/* Begin PBXResourcesBuildPhase section */
		D80A888D20B638B500A860B0 /* Resources */ = {
			isa = PBXResourcesBuildPhase;
			buildActionMask = 2147483647;
			files = (
				D80A88A220B638B700A860B0 /* icon.png in Resources */,
				D80A88A020B638B700A860B0 /* sansation.ttf in Resources */,
				D80A889E20B638B600A860B0 /* nice_music.ogg in Resources */,
				D80A889C20B638B600A860B0 /* cute_image.jpg in Resources */,
			);
			runOnlyForDeploymentPostprocessing = 0;
		};
/* End PBXResourcesBuildPhase section */

/* Begin PBXShellScriptBuildPhase section */
		D80A888E20B638B500A860B0 /* ShellScript */ = {
			isa = PBXShellScriptBuildPhase;
			buildActionMask = 2147483647;
			files = (
			);
			inputPaths = (
			);
			outputPaths = (
			);
			runOnlyForDeploymentPostprocessing = 0;
			shellPath = /bin/sh;
			shellScript = "# This shell script simply copies required SFML dylibs/frameworks into the application bundle frameworks folder.\n# If you're using static libraries (which is not recommended) you should remove this script from your project.\n\n# SETTINGS\nSFML_DEPENDENCIES_INSTALL_PREFIX=\"/Library/Frameworks\"\nCMAKE_INSTALL_FRAMEWORK_PREFIX=\"/Library/Frameworks\"\nCMAKE_INSTALL_LIB_PREFIX=\"/usr/local/lib\"\nFRAMEWORKS_FULL_PATH=\"$BUILT_PRODUCTS_DIR/$FRAMEWORKS_FOLDER_PATH/\"\n\n# Are we building a project that uses frameworks or dylibs?\ncase \"$SFML_BINARY_TYPE\" in\n    DYLIBS)\n        frameworks=\"false\"\n        ;;\n    *)\n        frameworks=\"true\"\n        ;;\nesac\n\n# Echoes to stderr\nerror () # $* message to display\n{\n    echo $* 1>&2\n    exit 2\n}\n\nassert () # $1 is a boolean, $2...N is an error message\n{\n    if [ $# -lt 2 ]\n    then\n        error \"Internal error in assert: not enough args\"\n    fi\n\n    if [ $1 -ne 0 ]\n    then\n        shift\n        error \"$*\"\n    fi\n}\n\nforce_remove () # $@ is some paths\n{\n    test $# -ge 1\n    assert $? \"force_remove() requires at least one parameter\"\n    rm -fr $@\n    assert $? \"couldn't remove $@\"\n}\n\ncopy () # $1 is a source, $2 is a destination\n{\n    test $# -eq 2\n    assert $? \"copy() requires two parameters\"\n    ditto \"$1\" \"$2\"\n    assert $? \"couldn't copy $1 to $2\"\n}\n\nrequire () # $1 is a SFML module like 'system' or 'audio'\n{\n    dest=\"$BUILT_PRODUCTS_DIR/$FRAMEWORKS_FOLDER_PATH/\"\n\n    if [ -z \"$1\" ]\n    then\n        error \"require() requires one parameter!\"\n    else\n        # clean potentially old stuff\n        force_remove \"$dest/libsfml-$1\"*\n        force_remove \"$dest/sfml-$1.framework\"\n\n        # copy SFML libraries\n        if [ \"$frameworks\" = \"true\" ]\n        then\n            source=\"$CMAKE_INSTALL_FRAMEWORK_PREFIX/sfml-$1.framework\"\n            target=\"sfml-$1.framework\"\n        elif [ \"$SFML_LINK_DYLIBS_SUFFIX\" = \"-d\" ]\n        then\n            source=\"$CMAKE_INSTALL_LIB_PREFIX/libsfml-$1-d.dylib\"\n            target=\"`readlink $source`\"\n        else\n            source=\"$CMAKE_INSTALL_LIB_PREFIX/libsfml-$1.dylib\"\n            target=\"`readlink $source`\"\n        fi\n\n        copy \"$source\" \"$dest/$target\"\n\n        # copy extra dependencies\n        if [ \"$1\" = \"audio\" ]\n        then\n            # copy \"FLAC\" \"ogg\" \"vorbis\" \"vorbisenc\" \"vorbisfile\" \"OpenAL\" frameworks too\n            for f in \"FLAC\" \"ogg\" \"vorbis\" \"vorbisenc\" \"vorbisfile\" \"OpenAL\"\n            do\n                copy \"$SFML_DEPENDENCIES_INSTALL_PREFIX/$f.framework\" \"$dest/$f.framework\"\n            done\n        elif [ \"$1\" = \"graphics\" ]\n        then\n            copy \"$SFML_DEPENDENCIES_INSTALL_PREFIX/freetype.framework\" \"$dest/freetype.framework\"\n        fi\n    fi\n}\n\nif [ -n \"$SFML_SYSTEM\" ]\nthen\n    require \"system\"\nfi\n\nif [ -n \"$SFML_AUDIO\" ]\nthen\n    require \"audio\"\nfi\n\nif [ -n \"$SFML_NETWORK\" ]\nthen\n    require \"network\"\nfi\n\nif [ -n \"$SFML_WINDOW\" ]\nthen\n    require \"window\"\nfi\n\nif [ -n \"$SFML_GRAPHICS\" ]\nthen\n    require \"graphics\"\nfi\n\n                ";
		};
/* End PBXShellScriptBuildPhase section */

/* Begin PBXSourcesBuildPhase section */
		D80A888B20B638B500A860B0 /* Sources */ = {
			isa = PBXSourcesBuildPhase;
			buildActionMask = 2147483647;
			files = (
				D80A88B020B83CF700A860B0 /* SplashScreen.cpp in Sources */,
				D80A889920B638B600A860B0 /* main.cpp in Sources */,
				D80A889620B638B500A860B0 /* ResourcePath.mm in Sources */,
				D80A88AD20B8382300A860B0 /* game.cpp in Sources */,
				D80A88B320B8400300A860B0 /* MainMenu.cpp in Sources */,
			);
			runOnlyForDeploymentPostprocessing = 0;
		};
/* End PBXSourcesBuildPhase section */

/* Begin XCBuildConfiguration section */
		D80A88A320B638B700A860B0 /* Debug */ = {
			isa = XCBuildConfiguration;
			buildSettings = {
				ARCHS = "$(NATIVE_ARCH_ACTUAL)";
				CLANG_CXX_LANGUAGE_STANDARD = "c++11";
				CLANG_CXX_LIBRARY = "libc++";
				FRAMEWORK_SEARCH_PATHS = (
					/Library/Frameworks/,
					"$(inherited)",
				);
				GCC_VERSION = com.apple.compilers.llvm.clang.1_0;
				HEADER_SEARCH_PATHS = (
					/usr/local/include/,
					"$(inherited)",
				);
				LIBRARY_SEARCH_PATHS = (
					/usr/local/lib/,
					"$(inherited)",
				);
				MACOSX_DEPLOYMENT_TARGET = 10.7;
				OTHER_LDFLAGS = (
					"$(inherited)",
					"$(SFML_SYSTEM)",
					"$(SFML_WINDOW)",
					"$(SFML_GRAPHICS)",
					"$(SFML_AUDIO)",
					"$(SFML_NETWORK)",
				);
				SFML_AUDIO = "$(SFML_LINK_PREFIX) sfml-audio$(SFML_LINK_SUFFIX)";
				SFML_BINARY_TYPE = FRAMEWORKS;
				SFML_GRAPHICS = "$(SFML_LINK_PREFIX) sfml-graphics$(SFML_LINK_SUFFIX)";
				SFML_LINK_DYLIBS_PREFIX = "-l";
				SFML_LINK_DYLIBS_SUFFIX = "";
				SFML_LINK_FRAMEWORKS_PREFIX = "-framework";
				SFML_LINK_FRAMEWORKS_SUFFIX = "";
				SFML_LINK_PREFIX = "$(SFML_LINK_$(SFML_BINARY_TYPE)_PREFIX)";
				SFML_LINK_SUFFIX = "$(SFML_LINK_$(SFML_BINARY_TYPE)_SUFFIX)";
				SFML_NETWORK = "$(SFML_LINK_PREFIX) sfml-network$(SFML_LINK_SUFFIX)";
				SFML_SYSTEM = "$(SFML_LINK_PREFIX) sfml-system$(SFML_LINK_SUFFIX)";
				SFML_WINDOW = "$(SFML_LINK_PREFIX) sfml-window$(SFML_LINK_SUFFIX)";
				SUPPORTED_PLATFORMS = macosx;
			};
			name = Debug;
		};
		D80A88A420B638B700A860B0 /* Release */ = {
			isa = XCBuildConfiguration;
			buildSettings = {
				ARCHS = "$(NATIVE_ARCH_ACTUAL)";
				CLANG_CXX_LANGUAGE_STANDARD = "c++11";
				CLANG_CXX_LIBRARY = "libc++";
				FRAMEWORK_SEARCH_PATHS = (
					/Library/Frameworks/,
					"$(inherited)",
				);
				GCC_VERSION = com.apple.compilers.llvm.clang.1_0;
				HEADER_SEARCH_PATHS = (
					/usr/local/include/,
					"$(inherited)",
				);
				LIBRARY_SEARCH_PATHS = (
					/usr/local/lib/,
					"$(inherited)",
				);
				MACOSX_DEPLOYMENT_TARGET = 10.7;
				OTHER_LDFLAGS = (
					"$(inherited)",
					"$(SFML_SYSTEM)",
					"$(SFML_WINDOW)",
					"$(SFML_GRAPHICS)",
					"$(SFML_AUDIO)",
					"$(SFML_NETWORK)",
				);
				SFML_AUDIO = "$(SFML_LINK_PREFIX) sfml-audio$(SFML_LINK_SUFFIX)";
				SFML_BINARY_TYPE = FRAMEWORKS;
				SFML_GRAPHICS = "$(SFML_LINK_PREFIX) sfml-graphics$(SFML_LINK_SUFFIX)";
				SFML_LINK_DYLIBS_PREFIX = "-l";
				SFML_LINK_DYLIBS_SUFFIX = "";
				SFML_LINK_FRAMEWORKS_PREFIX = "-framework";
				SFML_LINK_FRAMEWORKS_SUFFIX = "";
				SFML_LINK_PREFIX = "$(SFML_LINK_$(SFML_BINARY_TYPE)_PREFIX)";
				SFML_LINK_SUFFIX = "$(SFML_LINK_$(SFML_BINARY_TYPE)_SUFFIX)";
				SFML_NETWORK = "$(SFML_LINK_PREFIX) sfml-network$(SFML_LINK_SUFFIX)";
				SFML_SYSTEM = "$(SFML_LINK_PREFIX) sfml-system$(SFML_LINK_SUFFIX)";
				SFML_WINDOW = "$(SFML_LINK_PREFIX) sfml-window$(SFML_LINK_SUFFIX)";
				SUPPORTED_PLATFORMS = macosx;
			};
			name = Release;
		};
		D80A88A620B638B700A860B0 /* Debug */ = {
			isa = XCBuildConfiguration;
			buildSettings = {
				CODE_SIGN_STYLE = Automatic;
				INFOPLIST_FILE = "CA/CA-Info.plist";
				LD_RUNPATH_SEARCH_PATHS = "@loader_path/../Frameworks";
				PRODUCT_NAME = "$(TARGET_NAME)";
			};
			name = Debug;
		};
		D80A88A720B638B700A860B0 /* Release */ = {
			isa = XCBuildConfiguration;
			buildSettings = {
				CODE_SIGN_STYLE = Automatic;
				INFOPLIST_FILE = "CA/CA-Info.plist";
				LD_RUNPATH_SEARCH_PATHS = "@loader_path/../Frameworks";
				PRODUCT_NAME = "$(TARGET_NAME)";
			};
			name = Release;
		};
/* End XCBuildConfiguration section */

/* Begin XCConfigurationList section */
		D80A888A20B638B500A860B0 /* Build configuration list for PBXProject "CA" */ = {
			isa = XCConfigurationList;
			buildConfigurations = (
				D80A88A320B638B700A860B0 /* Debug */,
				D80A88A420B638B700A860B0 /* Release */,
			);
			defaultConfigurationIsVisible = 0;
			defaultConfigurationName = Release;
		};
		D80A88A520B638B700A860B0 /* Build configuration list for PBXNativeTarget "CA" */ = {
			isa = XCConfigurationList;
			buildConfigurations = (
				D80A88A620B638B700A860B0 /* Debug */,
				D80A88A720B638B700A860B0 /* Release */,
			);
			defaultConfigurationIsVisible = 0;
			defaultConfigurationName = Release;
		};
/* End XCConfigurationList section */
	};
	rootObject = D80A888720B638B500A860B0 /* Project object */;
}
